
Microsoft Visual Studio Solution File, Format Version 12.00
# Visual Studio Version 16
VisualStudioVersion = 16.0.31624.102
MinimumVisualStudioVersion = 10.0.40219.1
Project("{FAE04EC0-301F-11D3-BF4B-00C04F79EFBC}") = "TestAngularTypescriptDebugging", "TestAngularTypescriptDebugging\TestAngularTypescriptDebugging.csproj", "{CE319AF7-550E-4025-ADA0-09490BB5A7F5}"
EndProject
Global
	GlobalSection(SolutionConfigurationPlatforms) = preSolution
		Debug|Any CPU = Debug|Any CPU
		Release|Any CPU = Release|Any CPU
	EndGlobalSection
	GlobalSection(ProjectConfigurationPlatforms) = postSolution
		{CE319AF7-550E-4025-ADA0-09490BB5A7F5}.Debug|Any CPU.ActiveCfg = Debug|Any CPU
		{CE319AF7-550E-4025-ADA0-09490BB5A7F5}.Debug|Any CPU.Build.0 = Debug|Any CPU
		{CE319AF7-550E-4025-ADA0-09490BB5A7F5}.Release|Any CPU.ActiveCfg = Release|Any CPU
		{CE319AF7-550E-4025-ADA0-09490BB5A7F5}.Release|Any CPU.Build.0 = Release|Any CPU
	EndGlobalSection
	GlobalSection(SolutionProperties) = preSolution
		HideSolutionNode = FALSE
	EndGlobalSection
	GlobalSection(ExtensibilityGlobals) = postSolution
		SolutionGuid = {0C1C3329-0E21-4454-A26C-6D159FDA15AF}
	EndGlobalSection
EndGlobal
